
Microsoft Visual Studio Solution File, Format Version 12.00
# Visual Studio 15
VisualStudioVersion = 15.0.27703.2042
MinimumVisualStudioVersion = 10.0.40219.1
Project("{FAE04EC0-301F-11D3-BF4B-00C04F79EFBC}") = "HttpHacker", "HttpHacker\HttpHacker.csproj", "{309B2813-4EF4-4034-BFC8-9C46775528AA}"
EndProject
Global
	GlobalSection(SolutionConfigurationPlatforms) = preSolution
		Debug|Any CPU = Debug|Any CPU
		Release|Any CPU = Release|Any CPU
	EndGlobalSection
	GlobalSection(ProjectConfigurationPlatforms) = postSolution
		{309B2813-4EF4-4034-BFC8-9C46775528AA}.Debug|Any CPU.ActiveCfg = Debug|Any CPU
		{309B2813-4EF4-4034-BFC8-9C46775528AA}.Debug|Any CPU.Build.0 = Debug|Any CPU
		{309B2813-4EF4-4034-BFC8-9C46775528AA}.Release|Any CPU.ActiveCfg = Release|Any CPU
		{309B2813-4EF4-4034-BFC8-9C46775528AA}.Release|Any CPU.Build.0 = Release|Any CPU
	EndGlobalSection
	GlobalSection(SolutionProperties) = preSolution
		HideSolutionNode = FALSE
	EndGlobalSection
	GlobalSection(ExtensibilityGlobals) = postSolution
		SolutionGuid = {41285D5C-2E08-4F72-AD12-DF07204B568F}
	EndGlobalSection
EndGlobal
